
Microsoft Visual Studio Solution File, Format Version 12.00
# Visual Studio Version 16
VisualStudioVersion = 16.0.30621.155
MinimumVisualStudioVersion = 10.0.40219.1
Project("{FAE04EC0-301F-11D3-BF4B-00C04F79EFBC}") = "ConsoleApp", "ConsoleApp\ConsoleApp.csproj", "{03F85156-D134-4FB1-8162-7A3BCD61A35F}"
EndProject
Project("{FAE04EC0-301F-11D3-BF4B-00C04F79EFBC}") = "Dagens övning", "Dagens övning\Dagens övning.csproj", "{BF9E0EDE-9EA3-4DEF-8D37-F008E8A7437C}"
EndProject
Global
	GlobalSection(SolutionConfigurationPlatforms) = preSolution
		Debug|Any CPU = Debug|Any CPU
		Release|Any CPU = Release|Any CPU
	EndGlobalSection
	GlobalSection(ProjectConfigurationPlatforms) = postSolution
		{03F85156-D134-4FB1-8162-7A3BCD61A35F}.Debug|Any CPU.ActiveCfg = Debug|Any CPU
		{03F85156-D134-4FB1-8162-7A3BCD61A35F}.Debug|Any CPU.Build.0 = Debug|Any CPU
		{03F85156-D134-4FB1-8162-7A3BCD61A35F}.Release|Any CPU.ActiveCfg = Release|Any CPU
		{03F85156-D134-4FB1-8162-7A3BCD61A35F}.Release|Any CPU.Build.0 = Release|Any CPU
		{BF9E0EDE-9EA3-4DEF-8D37-F008E8A7437C}.Debug|Any CPU.ActiveCfg = Debug|Any CPU
		{BF9E0EDE-9EA3-4DEF-8D37-F008E8A7437C}.Debug|Any CPU.Build.0 = Debug|Any CPU
		{BF9E0EDE-9EA3-4DEF-8D37-F008E8A7437C}.Release|Any CPU.ActiveCfg = Release|Any CPU
		{BF9E0EDE-9EA3-4DEF-8D37-F008E8A7437C}.Release|Any CPU.Build.0 = Release|Any CPU
	EndGlobalSection
	GlobalSection(SolutionProperties) = preSolution
		HideSolutionNode = FALSE
	EndGlobalSection
	GlobalSection(ExtensibilityGlobals) = postSolution
		SolutionGuid = {F69EC4CE-AB74-48FC-8D18-BD543AE83F2A}
	EndGlobalSection
EndGlobal
